github.com/agnivade/levenshtein v1.1.0/go.mod h1:veldBMzWxcCG2ZvUTKD2kJNRdCk5hVbJomOvKkmgYbo=
github.com/alecthomas/binary v0.0.0-20190922233330-fb1b1d9c299c/go.mod h1:v4e05/vzE8ubOim1No9Xx5eIQ/WRq6AtcnQIy/Z/JPs=
github.com/arbovm/levenshtein v0.0.0-20160628152529-48b4e1c0c4d0/go.mod h1:t2tdKJDJF9BV14lnkjHmOQgcvEKgtqs5a1N3LNdJhGE=
github.com/dataence/bloom v0.0.0-20151026233158-e24b032dccb1/go.mod h1:hQ0yBWNA+0SlYMlAkHsylNyF2c85ZPgnJ6pvMOkzpRY=
github.com/dataence/cityhash v0.0.0-20131128155616-cdd6a94144ab/go.mod h1:8k8m9EQDOnG3a2Z27FvW8LPScFO9P2JglEeq2kjKP9Y=
github.com/davecgh/go-spew v1.1.0/go.mod h1:J7Y8YcW2NihsgmVo/mv3lAwl/skON4iLHjSsI+c5H38=
github.com/dgryski/trifles v0.0.0-20200323201526-dd97f9abfb48/go.mod h1:if7Fbed8SFyPtHLHbg49SI7NAdJiC5WIA09pe59rfAA=
github.com/dgryski/trifles v0.0.0-20200830180326-aaf60a07f6a3/go.mod h1:if7Fbed8SFyPtHLHbg49SI7NAdJiC5WIA09pe59rfAA=
github.com/go-dedup/megophone v0.0.0-20170830025436-f01be21026f5 h1:4U+x+EB1P66zwYgTjxWXSOT8vF+651Ksr1lojiCZnT8=
github.com/go-dedup/megophone v0.0.0-20170830025436-f01be21026f5/go.mod h1:poR/Cp00iqtqu9ltFwl6C00sKC0HY13u/Gh05ZBmP54=
github.com/go-dedup/simhash v0.0.0-20170904020510-9ecaca7b509c h1:mucYYQn+sMGNSxidhleonzAdwL203RxhjJGnxQU4NWU=
github.com/go-dedup/simhash v0.0.0-20170904020510-9ecaca7b509c/go.mod h1:gO3u2bjRAgUaLdQd2XK+3oooxrheOAx1BzS7WmPzw1s=
github.com/go-dedup/text v0.0.0-20170907015346-8bb1b95e3cb7 h1:11wFcswN+37U+ByjxdKzsRY5KzNqqq5Uk5ztxnLOc7w=
github.com/go-dedup/text v0.0.0-20170907015346-8bb1b95e3cb7/go.mod h1:wSsK4VOECOSfSYTzkBFw+iGY7wj59e7X96ABtNj9aCQ=
github.com/google/go-cmp v0.5.2 h1:X2ev0eStA3AbceY54o37/0PQ/UWqKEiiO2dKL5OPaFM=
github.com/google/go-cmp v0.5.2/go.mod h1:v8dTdLbMG2kIc/vJvl+f65V22dbkXbowE6jgT/gNBxE=
github.com/ianbruene/go-difflib v1.2.0 h1:iARmgaCq6nW5QptdoFm0PYAyNGix3xw/xRgEwphJSZw=
github.com/ianbruene/go-difflib v1.2.0/go.mod h1:uJbrQ06VPxjRiRIrync+E6VcWFGW2dWqw2gvQp6HQPY=
github.com/jzelinskie/whirlpool v0.0.0-20201016144138-0675e54bb004 h1:G+9t9cEtnC9jFiTxyptEKuNIAbiN5ZCQzX2a74lj3xg=
github.com/jzelinskie/whirlpool v0.0.0-20201016144138-0675e54bb004/go.mod h1:KmHnJWQrgEvbuy0vcvj00gtMqbvNn1L+3YUZLK/B92c=
github.com/ka-weihe/fast-levenshtein v0.0.0-20201227151214-4c99ee36a1ba h1:keZ4vJpYOVm6yrjLzZ6QgozbEBaT0GjfH30ihbO67+4=
github.com/ka-weihe/fast-levenshtein v0.0.0-20201227151214-4c99ee36a1ba/go.mod h1:kaXTPU4xitQT0rfT7/i9O9Gm8acSh3DXr0p4y3vKqiE=
github.com/minio/blake2b-simd v0.0.0-20160723061019-3f5f724cb5b1 h1:lYpkrQH5ajf0OXOcUbGjvZxxijuBwbbmlSxLiuofa+g=
github.com/minio/blake2b-simd v0.0.0-20160723061019-3f5f724cb5b1/go.mod h1:pD8RvIylQ358TN4wwqatJ8rNavkEINozVn9DtGI3dfQ=
github.com/mtchavez/jenkins v1.0.0 h1:K+eoGzIr7q645AOzr2NYm3eq3ydPkdXgKTu+n7WrQZQ=
github.com/mtchavez/jenkins v1.0.0/go.mod h1:dpCeaK5MVzgsGZT9UTTGsAN3d2ZQLswiEiIakyd3Hw4=
github.com/pmezard/go-difflib v1.0.0/go.mod h1:iKH77koFhYxTK1pcRnkKkqfTogsbg7gZNVY4sRDYZ/4=
github.com/rexsimiloluwah/distance_metrics v0.0.0-20211020112549-67979eee6077 h1:UARAHYmaBmaZFFgO/3gdyMaw6ZJw7sGM2vF5NWUsDNM=
github.com/rexsimiloluwah/distance_metrics v0.0.0-20211020112549-67979eee6077/go.mod h1:c9cZ1im6joocUOHKTdfD5H8iLrG6yMFyzQQ0iVv/nog=
github.com/shurcooL/go v0.0.0-20180423040247-9e1955d9fb6e/go.mod h1:TDJrrUr11Vxrven61rcy3hJMUqaf/CLWYhHNPmT14Lk=
github.com/shurcooL/go-goon v0.0.0-20170922171312-37c2f522c041/go.mod h1:N5mDOmsrJOB+vfqUK+7DmDyjhSLIIBnXo9lvZJj3MWQ=
github.com/sourcegraph/go-diff v0.6.1 h1:hmA1LzxW0n1c3Q4YbrFgg4P99GSnebYa3x8gr0HZqLQ=
github.com/sourcegraph/go-diff v0.6.1/go.mod h1:iBszgVvyxdc8SFZ7gm69go2KDdt3ag071iBaWPF6cjs=
github.com/spaolacci/murmur3 v1.1.0/go.mod h1:JwIasOWyU6f++ZhiEuf87xNszmSA2myDM2Kzu9HwQUA=
github.com/stretchr/objx v0.1.0/go.mod h1:HFkY916IF+rwdDfMAkV7OtwuqBVzrE8GR6GFx+wExME=
github.com/stretchr/testify v1.7.0/go.mod h1:6Fq8oRcR53rry900zMqJjRRixrwX3KX962/h/Wwjteg=
github.com/willf/bitset v1.1.11/go.mod h1:83CECat5yLh5zVOf4P1ErAgKA5UDvKtgyUABdr3+MjI=
github.com/zhenjl/bloom v0.0.0-20151026233158-e24b032dccb1/go.mod h1:m5109HBotwhAcpovJ+nory3OI1OrcUmaluV7vxjX+ig=
github.com/zhenjl/cityhash v0.0.0-20131128155616-cdd6a94144ab/go.mod h1:P6L88wrqK99Njntah9SB7AyzFpUXsXYq06LkjixxQmY=
golang.org/x/xerrors v0.0.0-20191204190536-9bdfabe68543/go.mod h1:I/5z698sn9Ka8TeJc9MKroUUfqBBauWjQqLJ2OPfmY0=
gopkg.in/check.v1 v0.0.0-20161208181325-20d25e280405/go.mod h1:Co6ibVJAznAaIkqp8huTwlJQCZ016jof/cbN4VW5Yz0=
gopkg.in/yaml.v3 v3.0.0-20200313102051-9f266ea9e77c/go.mod h1:K4uyk7z7BCEPqu6E+C64Yfv1cQ7kz7rIZviUmN+EgEM=
leb.io/aeshash v0.0.0-20190627052759-9e6b40329b3b/go.mod h1:BKjvdzZnV5WaMoO/kz/Fygl60dA79GTFQTSuKJmSdNs=
leb.io/aeshash v0.1.0 h1:kBcHB0+ipESEgA7pAxZ6QfhYBiBaWjTQ1NBKqX7GyUE=
leb.io/aeshash v0.1.0/go.mod h1:BKjvdzZnV5WaMoO/kz/Fygl60dA79GTFQTSuKJmSdNs=
leb.io/cuckoo v0.1.2 h1:3/P44oEGwQ4E2xlRyvpPhvHQIvxHh5+VdanBbxRYhOk=
leb.io/cuckoo v0.1.2/go.mod h1:EAn6JQBg65dcILMLuPbBRbkSjd6u+4KA+iTwBEUxBuQ=
leb.io/hashland v0.0.0-20171003003232-07375b562dea/go.mod h1:OSwp5BNKniWS6joctn4Grabrxd2EERBB7pNzK9Ni3BQ=
leb.io/hashland v0.1.5 h1:eYSHFg1XW9g9skEHW8vmGqmLI7/uwgdIZfs6S5B6sYA=
leb.io/hashland v0.1.5/go.mod h1:9j5mdWHi55Q2xbBI5R/xv6lI5SnljxxtS9JE9XSlfoc=
leb.io/hrff v0.1.0 h1:HAhaPEnNEJp7pCbH/qgCT0VMNMQC7I10unCRuu08cKc=
leb.io/hrff v0.1.0/go.mod h1:EZ02Yctbwtxev2S/3jw6aKNrw2e/gkaaRk4fgnYFTec=
